Microsoft Visual Studio Solution File, Format Version 8.00
Project("{8BC9CEB8-8B4A-11D0-8D11-00A0C91BC942}") = "libcurl", "libcurl.vcproj", "{DA6F56B4-06A4-441D-AD70-AC5A7D51FADB}"
	ProjectSection(ProjectDependencies) = postProject
		{2BEC8E6B-06FE-4ED1-BD84-32EDF7B1D92F} = {2BEC8E6B-06FE-4ED1-BD84-32EDF7B1D92F}
	EndProjectSection
EndProject
Project("{8BC9CEB8-8B4A-11D0-8D11-00A0C91BC942}") = "wolfssl", "..\..\..\wolfssl\xbox\wolfssl.vcproj", "{2BEC8E6B-06FE-4ED1-BD84-32EDF7B1D92F}"
	ProjectSection(ProjectDependencies) = postProject
	EndProjectSection
EndProject
Global
	GlobalSection(SolutionConfiguration) = preSolution
		Debug = Debug
		Release = Release
	EndGlobalSection
	GlobalSection(ProjectConfiguration) = postSolution
		{DA6F56B4-06A4-441D-AD70-AC5A7D51FADB}.Debug.ActiveCfg = DLL Debug|Win32
		{DA6F56B4-06A4-441D-AD70-AC5A7D51FADB}.Debug.Build.0 = DLL Debug|Win32
		{DA6F56B4-06A4-441D-AD70-AC5A7D51FADB}.Release.ActiveCfg = DLL Release|Win32
		{DA6F56B4-06A4-441D-AD70-AC5A7D51FADB}.Release.Build.0 = DLL Release|Win32
		{2BEC8E6B-06FE-4ED1-BD84-32EDF7B1D92F}.Debug.ActiveCfg = Debug|Win32
		{2BEC8E6B-06FE-4ED1-BD84-32EDF7B1D92F}.Debug.Build.0 = Debug|Win32
		{2BEC8E6B-06FE-4ED1-BD84-32EDF7B1D92F}.Release.ActiveCfg = Release|Win32
		{2BEC8E6B-06FE-4ED1-BD84-32EDF7B1D92F}.Release.Build.0 = Release|Win32
	EndGlobalSection
	GlobalSection(ExtensibilityGlobals) = postSolution
	EndGlobalSection
	GlobalSection(ExtensibilityAddIns) = postSolution
	EndGlobalSection
EndGlobal
